
Microsoft Visual Studio Solution File, Format Version 12.00
# Visual Studio Version 17
VisualStudioVersion = 17.13.35723.152
MinimumVisualStudioVersion = 10.0.40219.1
Project("{FAE04EC0-301F-11D3-BF4B-00C04F79EFBC}") = "Data_Transfer_API", "Data_Transfer_API\Data_Transfer_API.csproj", "{62ECBCA0-476C-4541-AE98-D04F30016A69}"
EndProject
Project("{FAE04EC0-301F-11D3-BF4B-00C04F79EFBC}") = "Web_Page_Project", "Web_Page_Project\Web_Page_Project.csproj", "{9430CBC4-0E9C-4748-B2AE-2E57514F82A6}"
EndProject
Global
	GlobalSection(SolutionConfigurationPlatforms) = preSolution
		Debug|Any CPU = Debug|Any CPU
		Release|Any CPU = Release|Any CPU
	EndGlobalSection
	GlobalSection(ProjectConfigurationPlatforms) = postSolution
		{62ECBCA0-476C-4541-AE98-D04F30016A69}.Debug|Any CPU.ActiveCfg = Debug|Any CPU
		{62ECBCA0-476C-4541-AE98-D04F30016A69}.Debug|Any CPU.Build.0 = Debug|Any CPU
		{62ECBCA0-476C-4541-AE98-D04F30016A69}.Release|Any CPU.ActiveCfg = Release|Any CPU
		{62ECBCA0-476C-4541-AE98-D04F30016A69}.Release|Any CPU.Build.0 = Release|Any CPU
		{9430CBC4-0E9C-4748-B2AE-2E57514F82A6}.Debug|Any CPU.ActiveCfg = Debug|Any CPU
		{9430CBC4-0E9C-4748-B2AE-2E57514F82A6}.Debug|Any CPU.Build.0 = Debug|Any CPU
		{9430CBC4-0E9C-4748-B2AE-2E57514F82A6}.Release|Any CPU.ActiveCfg = Release|Any CPU
		{9430CBC4-0E9C-4748-B2AE-2E57514F82A6}.Release|Any CPU.Build.0 = Release|Any CPU
	EndGlobalSection
	GlobalSection(SolutionProperties) = preSolution
		HideSolutionNode = FALSE
	EndGlobalSection
	GlobalSection(ExtensibilityGlobals) = postSolution
		SolutionGuid = {48E95B72-9844-4EDF-BB16-CBE48C110A70}
	EndGlobalSection
EndGlobal
